// !$*UTF8*$!
{
	archiveVersion = 1;
	classes = {
	};
	objectVersion = 46;
	objects = {

/* Begin PBXBuildFile section */
		01970A671CD1E1BE00FAB60A /* AppDelegate.swift in Sources */ = {isa = PBXBuildFile; fileRef = 01970A661CD1E1BE00FAB60A /* AppDelegate.swift */; };
		01970A691CD1E1BE00FAB60A /* ViewController.swift in Sources */ = {isa = PBXBuildFile; fileRef = 01970A681CD1E1BE00FAB60A /* ViewController.swift */; };
		01970A6C1CD1E1BE00FAB60A /* Main.storyboard in Resources */ = {isa = PBXBuildFile; fileRef = 01970A6A1CD1E1BE00FAB60A /* Main.storyboard */; };
		01970A6E1CD1E1BE00FAB60A /* Assets.xcassets in Resources */ = {isa = PBXBuildFile; fileRef = 01970A6D1CD1E1BE00FAB60A /* Assets.xcassets */; };
		01970A711CD1E1BE00FAB60A /* LaunchScreen.storyboard in Resources */ = {isa = PBXBuildFile; fileRef = 01970A6F1CD1E1BE00FAB60A /* LaunchScreen.storyboard */; };
		01970A7D1CD1F5F500FAB60A /* UIKit.framework in Frameworks */ = {isa = PBXBuildFile; fileRef = 01970A7C1CD1F5F500FAB60A /* UIKit.framework */; };
		01970A7F1CD1F5FB00FAB60A /* QuartzCore.framework in Frameworks */ = {isa = PBXBuildFile; fileRef = 01970A7E1CD1F5FB00FAB60A /* QuartzCore.framework */; };
		01970A801CD1F61500FAB60A /* MessagingCell.swift in Sources */ = {isa = PBXBuildFile; fileRef = 01970A7A1CD1E23800FAB60A /* MessagingCell.swift */; };
		01970A8F1CD2240300FAB60A /* man.png in Resources */ = {isa = PBXBuildFile; fileRef = 01970A8B1CD2240300FAB60A /* man.png */; };
		01970A911CD2240300FAB60A /* woman.png in Resources */ = {isa = PBXBuildFile; fileRef = 01970A8D1CD2240300FAB60A /* woman.png */; };
/* End PBXBuildFile section */

/* Begin PBXFileReference section */
		01970A631CD1E1BE00FAB60A /* ChatView-Swift.app */ = {isa = PBXFileReference; explicitFileType = wrapper.application; includeInIndex = 0; path = "ChatView-Swift.app"; sourceTree = BUILT_PRODUCTS_DIR; };
		01970A661CD1E1BE00FAB60A /* AppDelegate.swift */ = {isa = PBXFileReference; lastKnownFileType = sourcecode.swift; path = AppDelegate.swift; sourceTree = "<group>"; };
		01970A681CD1E1BE00FAB60A /* ViewController.swift */ = {isa = PBXFileReference; lastKnownFileType = sourcecode.swift; path = ViewController.swift; sourceTree = "<group>"; };
		01970A6B1CD1E1BE00FAB60A /* Base */ = {isa = PBXFileReference; lastKnownFileType = file.storyboard; name = Base; path = Base.lproj/Main.storyboard; sourceTree = "<group>"; };
		01970A6D1CD1E1BE00FAB60A /* Assets.xcassets */ = {isa = PBXFileReference; lastKnownFileType = folder.assetcatalog; path = Assets.xcassets; sourceTree = "<group>"; };
		01970A701CD1E1BE00FAB60A /* Base */ = {isa = PBXFileReference; lastKnownFileType = file.storyboard; name = Base; path = Base.lproj/LaunchScreen.storyboard; sourceTree = "<group>"; };
		01970A721CD1E1BE00FAB60A /* Info.plist */ = {isa = PBXFileReference; lastKnownFileType = text.plist.xml; path = Info.plist; sourceTree = "<group>"; };
		01970A7A1CD1E23800FAB60A /* MessagingCell.swift */ = {isa = PBXFileReference; fileEncoding = 4; lastKnownFileType = sourcecode.swift; name = MessagingCell.swift; path = Classes/MessagingCell.swift; sourceTree = "<group>"; };
		01970A7C1CD1F5F500FAB60A /* UIKit.framework */ = {isa = PBXFileReference; lastKnownFileType = wrapper.framework; name = UIKit.framework; path = System/Library/Frameworks/UIKit.framework; sourceTree = SDKROOT; };
		01970A7E1CD1F5FB00FAB60A /* QuartzCore.framework */ = {isa = PBXFileReference; lastKnownFileType = wrapper.framework; name = QuartzCore.framework; path = System/Library/Frameworks/QuartzCore.framework; sourceTree = SDKROOT; };
		01970A8B1CD2240300FAB60A /* man.png */ = {isa = PBXFileReference; lastKnownFileType = image.png; name = man.png; path = Resources/man.png; sourceTree = "<group>"; };
		01970A8D1CD2240300FAB60A /* woman.png */ = {isa = PBXFileReference; lastKnownFileType = image.png; name = woman.png; path = Resources/woman.png; sourceTree = "<group>"; };
/* End PBXFileReference section */

/* Begin PBXFrameworksBuildPhase section */
		01970A601CD1E1BE00FAB60A /* Frameworks */ = {
			isa = PBXFrameworksBuildPhase;
			buildActionMask = 2147483647;
			files = (
				01970A7F1CD1F5FB00FAB60A /* QuartzCore.framework in Frameworks */,
				01970A7D1CD1F5F500FAB60A /* UIKit.framework in Frameworks */,
			);
			runOnlyForDeploymentPostprocessing = 0;
		};
/* End PBXFrameworksBuildPhase section */

/* Begin PBXGroup section */
		01970A5A1CD1E1BE00FAB60A = {
			isa = PBXGroup;
			children = (
				01970A651CD1E1BE00FAB60A /* ChatView-Swift */,
				01970A641CD1E1BE00FAB60A /* Products */,
				01970A7E1CD1F5FB00FAB60A /* QuartzCore.framework */,
				01970A7C1CD1F5F500FAB60A /* UIKit.framework */,
			);
			sourceTree = "<group>";
		};
		01970A641CD1E1BE00FAB60A /* Products */ = {
			isa = PBXGroup;
			children = (
				01970A631CD1E1BE00FAB60A /* ChatView-Swift.app */,
			);
			name = Products;
			sourceTree = "<group>";
		};
		01970A651CD1E1BE00FAB60A /* ChatView-Swift */ = {
			isa = PBXGroup;
			children = (
				01970A891CD223F600FAB60A /* Resources */,
				01970A791CD1E1D900FAB60A /* Classes */,
				01970A661CD1E1BE00FAB60A /* AppDelegate.swift */,
				01970A681CD1E1BE00FAB60A /* ViewController.swift */,
				01970A6A1CD1E1BE00FAB60A /* Main.storyboard */,
				01970A6D1CD1E1BE00FAB60A /* Assets.xcassets */,
				01970A6F1CD1E1BE00FAB60A /* LaunchScreen.storyboard */,
				01970A721CD1E1BE00FAB60A /* Info.plist */,
			);
			path = "ChatView-Swift";
			sourceTree = "<group>";
		};
		01970A791CD1E1D900FAB60A /* Classes */ = {
			isa = PBXGroup;
			children = (
				01970A7A1CD1E23800FAB60A /* MessagingCell.swift */,
			);
			name = Classes;
			sourceTree = "<group>";
		};
		01970A891CD223F600FAB60A /* Resources */ = {
			isa = PBXGroup;
			children = (
				01970A8B1CD2240300FAB60A /* man.png */,
				01970A8D1CD2240300FAB60A /* woman.png */,
			);
			name = Resources;
			sourceTree = "<group>";
		};
/* End PBXGroup section */

/* Begin PBXNativeTarget section */
		01970A621CD1E1BE00FAB60A /* ChatView-Swift */ = {
			isa = PBXNativeTarget;
			buildConfigurationList = 01970A751CD1E1BE00FAB60A /* Build configuration list for PBXNativeTarget "ChatView-Swift" */;
			buildPhases = (
				01970A5F1CD1E1BE00FAB60A /* Sources */,
				01970A601CD1E1BE00FAB60A /* Frameworks */,
				01970A611CD1E1BE00FAB60A /* Resources */,
			);
			buildRules = (
			);
			dependencies = (
			);
			name = "ChatView-Swift";
			productName = "ChatView-Swift";
			productReference = 01970A631CD1E1BE00FAB60A /* ChatView-Swift.app */;
			productType = "com.apple.product-type.application";
		};
/* End PBXNativeTarget section */

/* Begin PBXProject section */
		01970A5B1CD1E1BE00FAB60A /* Project object */ = {
			isa = PBXProject;
			attributes = {
				LastSwiftUpdateCheck = 0730;
				LastUpgradeCheck = 0730;
				ORGANIZATIONNAME = "Priya Talreja";
				TargetAttributes = {
					01970A621CD1E1BE00FAB60A = {
						CreatedOnToolsVersion = 7.3;
					};
				};
			};
			buildConfigurationList = 01970A5E1CD1E1BE00FAB60A /* Build configuration list for PBXProject "ChatView-Swift" */;
			compatibilityVersion = "Xcode 3.2";
			developmentRegion = English;
			hasScannedForEncodings = 0;
			knownRegions = (
				en,
				Base,
			);
			mainGroup = 01970A5A1CD1E1BE00FAB60A;
			productRefGroup = 01970A641CD1E1BE00FAB60A /* Products */;
			projectDirPath = "";
			projectRoot = "";
			targets = (
				01970A621CD1E1BE00FAB60A /* ChatView-Swift */,
			);
		};
/* End PBXProject section */

/* Begin PBXResourcesBuildPhase section */
		01970A611CD1E1BE00FAB60A /* Resources */ = {
			isa = PBXResourcesBuildPhase;
			buildActionMask = 2147483647;
			files = (
				01970A711CD1E1BE00FAB60A /* LaunchScreen.storyboard in Resources */,
				01970A8F1CD2240300FAB60A /* man.png in Resources */,
				01970A6E1CD1E1BE00FAB60A /* Assets.xcassets in Resources */,
				01970A911CD2240300FAB60A /* woman.png in Resources */,
				01970A6C1CD1E1BE00FAB60A /* Main.storyboard in Resources */,
			);
			runOnlyForDeploymentPostprocessing = 0;
		};
/* End PBXResourcesBuildPhase section */

/* Begin PBXSourcesBuildPhase section */
		01970A5F1CD1E1BE00FAB60A /* Sources */ = {
			isa = PBXSourcesBuildPhase;
			buildActionMask = 2147483647;
			files = (
				01970A801CD1F61500FAB60A /* MessagingCell.swift in Sources */,
				01970A691CD1E1BE00FAB60A /* ViewController.swift in Sources */,
				01970A671CD1E1BE00FAB60A /* AppDelegate.swift in Sources */,
			);
			runOnlyForDeploymentPostprocessing = 0;
		};
/* End PBXSourcesBuildPhase section */

/* Begin PBXVariantGroup section */
		01970A6A1CD1E1BE00FAB60A /* Main.storyboard */ = {
			isa = PBXVariantGroup;
			children = (
				01970A6B1CD1E1BE00FAB60A /* Base */,
			);
			name = Main.storyboard;
			sourceTree = "<group>";
		};
		01970A6F1CD1E1BE00FAB60A /* LaunchScreen.storyboard */ = {
			isa = PBXVariantGroup;
			children = (
				01970A701CD1E1BE00FAB60A /* Base */,
			);
			name = LaunchScreen.storyboard;
			sourceTree = "<group>";
		};
/* End PBXVariantGroup section */

/* Begin XCBuildConfiguration section */
		01970A731CD1E1BE00FAB60A /* Debug */ = {
			isa = XCBuildConfiguration;
			buildSettings = {
				ALWAYS_SEARCH_USER_PATHS = NO;
				CLANG_ANALYZER_NONNULL = YES;
				CLANG_CXX_LANGUAGE_STANDARD = "gnu++0x";
				CLANG_CXX_LIBRARY = "libc++";
				CLANG_ENABLE_MODULES = YES;
				CLANG_ENABLE_OBJC_ARC = YES;
				CLANG_WARN_BOOL_CONVERSION = YES;
				CLANG_WARN_CONSTANT_CONVERSION = YES;
				CLANG_WARN_DIRECT_OBJC_ISA_USAGE = YES_ERROR;
				CLANG_WARN_EMPTY_BODY = YES;
				CLANG_WARN_ENUM_CONVERSION = YES;
				CLANG_WARN_INT_CONVERSION = YES;
				CLANG_WARN_OBJC_ROOT_CLASS = YES_ERROR;
				CLANG_WARN_UNREACHABLE_CODE = YES;
				CLANG_WARN__DUPLICATE_METHOD_MATCH = YES;
				"CODE_SIGN_IDENTITY[sdk=iphoneos*]" = "iPhone Developer";
				COPY_PHASE_STRIP = NO;
				DEBUG_INFORMATION_FORMAT = dwarf;
				ENABLE_STRICT_OBJC_MSGSEND = YES;
				ENABLE_TESTABILITY = YES;
				GCC_C_LANGUAGE_STANDARD = gnu99;
				GCC_DYNAMIC_NO_PIC = NO;
				GCC_NO_COMMON_BLOCKS = YES;
				GCC_OPTIMIZATION_LEVEL = 0;
				GCC_PREPROCESSOR_DEFINITIONS = (
					"DEBUG=1",
					"$(inherited)",
				);
				GCC_WARN_64_TO_32_BIT_CONVERSION = YES;
				GCC_WARN_ABOUT_RETURN_TYPE = YES_ERROR;
				GCC_WARN_UNDECLARED_SELECTOR = YES;
				GCC_WARN_UNINITIALIZED_AUTOS = YES_AGGRESSIVE;
				GCC_WARN_UNUSED_FUNCTION = YES;
				GCC_WARN_UNUSED_VARIABLE = YES;
				IPHONEOS_DEPLOYMENT_TARGET = 9.3;
				MTL_ENABLE_DEBUG_INFO = YES;
				ONLY_ACTIVE_ARCH = YES;
				SDKROOT = iphoneos;
				SWIFT_OPTIMIZATION_LEVEL = "-Onone";
			};
			name = Debug;
		};
		01970A741CD1E1BE00FAB60A /* Release */ = {
			isa = XCBuildConfiguration;
			buildSettings = {
				ALWAYS_SEARCH_USER_PATHS = NO;
				CLANG_ANALYZER_NONNULL = YES;
				CLANG_CXX_LANGUAGE_STANDARD = "gnu++0x";
				CLANG_CXX_LIBRARY = "libc++";
				CLANG_ENABLE_MODULES = YES;
				CLANG_ENABLE_OBJC_ARC = YES;
				CLANG_WARN_BOOL_CONVERSION = YES;
				CLANG_WARN_CONSTANT_CONVERSION = YES;
				CLANG_WARN_DIRECT_OBJC_ISA_USAGE = YES_ERROR;
				CLANG_WARN_EMPTY_BODY = YES;
				CLANG_WARN_ENUM_CONVERSION = YES;
				CLANG_WARN_INT_CONVERSION = YES;
				CLANG_WARN_OBJC_ROOT_CLASS = YES_ERROR;
				CLANG_WARN_UNREACHABLE_CODE = YES;
				CLANG_WARN__DUPLICATE_METHOD_MATCH = YES;
				"CODE_SIGN_IDENTITY[sdk=iphoneos*]" = "iPhone Developer";
				COPY_PHASE_STRIP = NO;
				DEBUG_INFORMATION_FORMAT = "dwarf-with-dsym";
				ENABLE_NS_ASSERTIONS = NO;
				ENABLE_STRICT_OBJC_MSGSEND = YES;
				GCC_C_LANGUAGE_STANDARD = gnu99;
				GCC_NO_COMMON_BLOCKS = YES;
				GCC_WARN_64_TO_32_BIT_CONVERSION = YES;
				GCC_WARN_ABOUT_RETURN_TYPE = YES_ERROR;
				GCC_WARN_UNDECLARED_SELECTOR = YES;
				GCC_WARN_UNINITIALIZED_AUTOS = YES_AGGRESSIVE;
				GCC_WARN_UNUSED_FUNCTION = YES;
				GCC_WARN_UNUSED_VARIABLE = YES;
				IPHONEOS_DEPLOYMENT_TARGET = 9.3;
				MTL_ENABLE_DEBUG_INFO = NO;
				SDKROOT = iphoneos;
				VALIDATE_PRODUCT = YES;
			};
			name = Release;
		};
		01970A761CD1E1BE00FAB60A /* Debug */ = {
			isa = XCBuildConfiguration;
			buildSettings = {
				ASSETCATALOG_COMPILER_APPICON_NAME = AppIcon;
				INFOPLIST_FILE = "ChatView-Swift/Info.plist";
				IPHONEOS_DEPLOYMENT_TARGET = 8.0;
				LD_RUNPATH_SEARCH_PATHS = "$(inherited) @executable_path/Frameworks";
				PRODUCT_BUNDLE_IDENTIFIER = "com.scriptlanes.test.ChatView-Swift";
				PRODUCT_NAME = "$(TARGET_NAME)";
			};
			name = Debug;
		};
		01970A771CD1E1BE00FAB60A /* Release */ = {
			isa = XCBuildConfiguration;
			buildSettings = {
				ASSETCATALOG_COMPILER_APPICON_NAME = AppIcon;
				INFOPLIST_FILE = "ChatView-Swift/Info.plist";
				IPHONEOS_DEPLOYMENT_TARGET = 8.0;
				LD_RUNPATH_SEARCH_PATHS = "$(inherited) @executable_path/Frameworks";
				PRODUCT_BUNDLE_IDENTIFIER = "com.scriptlanes.test.ChatView-Swift";
				PRODUCT_NAME = "$(TARGET_NAME)";
			};
			name = Release;
		};
/* End XCBuildConfiguration section */

/* Begin XCConfigurationList section */
		01970A5E1CD1E1BE00FAB60A /* Build configuration list for PBXProject "ChatView-Swift" */ = {
			isa = XCConfigurationList;
			buildConfigurations = (
				01970A731CD1E1BE00FAB60A /* Debug */,
				01970A741CD1E1BE00FAB60A /* Release */,
			);
			defaultConfigurationIsVisible = 0;
			defaultConfigurationName = Release;
		};
		01970A751CD1E1BE00FAB60A /* Build configuration list for PBXNativeTarget "ChatView-Swift" */ = {
			isa = XCConfigurationList;
			buildConfigurations = (
				01970A761CD1E1BE00FAB60A /* Debug */,
				01970A771CD1E1BE00FAB60A /* Release */,
			);
			defaultConfigurationIsVisible = 0;
			defaultConfigurationName = Release;
		};
/* End XCConfigurationList section */
	};
	rootObject = 01970A5B1CD1E1BE00FAB60A /* Project object */;
}
